
Microsoft Visual Studio Solution File, Format Version 12.00
# Visual Studio 15
VisualStudioVersion = 15.0.28010.2046
MinimumVisualStudioVersion = 10.0.40219.1
Project("{FAE04EC0-301F-11D3-BF4B-00C04F79EFBC}") = "tobii_stream", "tobii_stream.csproj", "{432838DB-9572-453E-B905-04FA2EC6A1B3}"
EndProject
Global
	GlobalSection(SolutionConfigurationPlatforms) = preSolution
		Debug|x86 = Debug|x86
		Release|x86 = Release|x86
	EndGlobalSection
	GlobalSection(ProjectConfigurationPlatforms) = postSolution
		{432838DB-9572-453E-B905-04FA2EC6A1B3}.Debug|x86.ActiveCfg = Debug|x86
		{432838DB-9572-453E-B905-04FA2EC6A1B3}.Debug|x86.Build.0 = Debug|x86
		{432838DB-9572-453E-B905-04FA2EC6A1B3}.Release|x86.ActiveCfg = Release|x86
		{432838DB-9572-453E-B905-04FA2EC6A1B3}.Release|x86.Build.0 = Release|x86
	EndGlobalSection
	GlobalSection(SolutionProperties) = preSolution
		HideSolutionNode = FALSE
	EndGlobalSection
	GlobalSection(ExtensibilityGlobals) = postSolution
		SolutionGuid = {283E104B-A091-4773-AE83-2073D01FCE8E}
	EndGlobalSection
EndGlobal
